// !$*UTF8*$!
{
	archiveVersion = 1;
	classes = {
	};
	objectVersion = 46;
	objects = {

/* Begin PBXBuildFile section */
		CC5F173E1AA64402008FFE26 /* BatmanCharacter.swift in Sources */ = {isa = PBXBuildFile; fileRef = CC5F173D1AA64402008FFE26 /* BatmanCharacter.swift */; };
		CCA5678E1A9D074800540A3A /* main.m in Sources */ = {isa = PBXBuildFile; fileRef = CCA5678D1A9D074800540A3A /* main.m */; };
		CCA567911A9D074800540A3A /* AppDelegate.m in Sources */ = {isa = PBXBuildFile; fileRef = CCA567901A9D074800540A3A /* AppDelegate.m */; };
		CCA567971A9D074800540A3A /* Main.storyboard in Resources */ = {isa = PBXBuildFile; fileRef = CCA567951A9D074800540A3A /* Main.storyboard */; };
		CCA567991A9D074800540A3A /* Images.xcassets in Resources */ = {isa = PBXBuildFile; fileRef = CCA567981A9D074800540A3A /* Images.xcassets */; };
		CCA5679C1A9D074800540A3A /* LaunchScreen.xib in Resources */ = {isa = PBXBuildFile; fileRef = CCA5679A1A9D074800540A3A /* LaunchScreen.xib */; };
		CCA567B31A9D11C600540A3A /* AddBatmanCharacterViewController.m in Sources */ = {isa = PBXBuildFile; fileRef = CCA567B21A9D11C600540A3A /* AddBatmanCharacterViewController.m */; };
		CCA567B61A9D12E500540A3A /* BatmanCharactersTableViewController.m in Sources */ = {isa = PBXBuildFile; fileRef = CCA567B51A9D12E500540A3A /* BatmanCharactersTableViewController.m */; };
		CCA567BB1A9D385E00540A3A /* BatmanCharacterTests.m in Sources */ = {isa = PBXBuildFile; fileRef = CCA567BA1A9D385E00540A3A /* BatmanCharacterTests.m */; };
/* End PBXBuildFile section */

/* Begin PBXContainerItemProxy section */
		CCA567A21A9D074800540A3A /* PBXContainerItemProxy */ = {
			isa = PBXContainerItemProxy;
			containerPortal = CCA567801A9D074800540A3A /* Project object */;
			proxyType = 1;
			remoteGlobalIDString = CCA567871A9D074800540A3A;
			remoteInfo = BatmanCharacters;
		};
/* End PBXContainerItemProxy section */

/* Begin PBXFileReference section */
		CC5F173C1AA64401008FFE26 /* BatmanCharacters-Bridging-Header.h */ = {isa = PBXFileReference; lastKnownFileType = sourcecode.c.h; path = "BatmanCharacters-Bridging-Header.h"; sourceTree = "<group>"; };
		CC5F173D1AA64402008FFE26 /* BatmanCharacter.swift */ = {isa = PBXFileReference; fileEncoding = 4; lastKnownFileType = sourcecode.swift; path = BatmanCharacter.swift; sourceTree = "<group>"; };
		CCA567881A9D074800540A3A /* BatmanCharacters.app */ = {isa = PBXFileReference; explicitFileType = wrapper.application; includeInIndex = 0; path = BatmanCharacters.app; sourceTree = BUILT_PRODUCTS_DIR; };
		CCA5678C1A9D074800540A3A /* Info.plist */ = {isa = PBXFileReference; lastKnownFileType = text.plist.xml; path = Info.plist; sourceTree = "<group>"; };
		CCA5678D1A9D074800540A3A /* main.m */ = {isa = PBXFileReference; lastKnownFileType = sourcecode.c.objc; path = main.m; sourceTree = "<group>"; };
		CCA5678F1A9D074800540A3A /* AppDelegate.h */ = {isa = PBXFileReference; lastKnownFileType = sourcecode.c.h; path = AppDelegate.h; sourceTree = "<group>"; };
		CCA567901A9D074800540A3A /* AppDelegate.m */ = {isa = PBXFileReference; lastKnownFileType = sourcecode.c.objc; path = AppDelegate.m; sourceTree = "<group>"; };
		CCA567961A9D074800540A3A /* Base */ = {isa = PBXFileReference; lastKnownFileType = file.storyboard; name = Base; path = Base.lproj/Main.storyboard; sourceTree = "<group>"; };
		CCA567981A9D074800540A3A /* Images.xcassets */ = {isa = PBXFileReference; lastKnownFileType = folder.assetcatalog; path = Images.xcassets; sourceTree = "<group>"; };
		CCA5679B1A9D074800540A3A /* Base */ = {isa = PBXFileReference; lastKnownFileType = file.xib; name = Base; path = Base.lproj/LaunchScreen.xib; sourceTree = "<group>"; };
		CCA567A11A9D074800540A3A /* BatmanCharactersTests.xctest */ = {isa = PBXFileReference; explicitFileType = wrapper.cfbundle; includeInIndex = 0; path = BatmanCharactersTests.xctest; sourceTree = BUILT_PRODUCTS_DIR; };
		CCA567A61A9D074800540A3A /* Info.plist */ = {isa = PBXFileReference; lastKnownFileType = text.plist.xml; path = Info.plist; sourceTree = "<group>"; };
		CCA567B11A9D11C600540A3A /* AddBatmanCharacterViewController.h */ = {isa = PBXFileReference; fileEncoding = 4; lastKnownFileType = sourcecode.c.h; path = AddBatmanCharacterViewController.h; sourceTree = "<group>"; };
		CCA567B21A9D11C600540A3A /* AddBatmanCharacterViewController.m */ = {isa = PBXFileReference; fileEncoding = 4; lastKnownFileType = sourcecode.c.objc; path = AddBatmanCharacterViewController.m; sourceTree = "<group>"; };
		CCA567B41A9D12E500540A3A /* BatmanCharactersTableViewController.h */ = {isa = PBXFileReference; fileEncoding = 4; lastKnownFileType = sourcecode.c.h; path = BatmanCharactersTableViewController.h; sourceTree = "<group>"; };
		CCA567B51A9D12E500540A3A /* BatmanCharactersTableViewController.m */ = {isa = PBXFileReference; fileEncoding = 4; lastKnownFileType = sourcecode.c.objc; path = BatmanCharactersTableViewController.m; sourceTree = "<group>"; };
		CCA567BA1A9D385E00540A3A /* BatmanCharacterTests.m */ = {isa = PBXFileReference; fileEncoding = 4; lastKnownFileType = sourcecode.c.objc; path = BatmanCharacterTests.m; sourceTree = "<group>"; };
/* End PBXFileReference section */

/* Begin PBXFrameworksBuildPhase section */
		CCA567851A9D074800540A3A /* Frameworks */ = {
			isa = PBXFrameworksBuildPhase;
			buildActionMask = 2147483647;
			files = (
			);
			runOnlyForDeploymentPostprocessing = 0;
		};
		CCA5679E1A9D074800540A3A /* Frameworks */ = {
			isa = PBXFrameworksBuildPhase;
			buildActionMask = 2147483647;
			files = (
			);
			runOnlyForDeploymentPostprocessing = 0;
		};
/* End PBXFrameworksBuildPhase section */

/* Begin PBXGroup section */
		CCA5677F1A9D074800540A3A = {
			isa = PBXGroup;
			children = (
				CCA5678A1A9D074800540A3A /* BatmanCharacters */,
				CCA567A41A9D074800540A3A /* BatmanCharactersTests */,
				CCA567891A9D074800540A3A /* Products */,
			);
			sourceTree = "<group>";
		};
		CCA567891A9D074800540A3A /* Products */ = {
			isa = PBXGroup;
			children = (
				CCA567881A9D074800540A3A /* BatmanCharacters.app */,
				CCA567A11A9D074800540A3A /* BatmanCharactersTests.xctest */,
			);
			name = Products;
			sourceTree = "<group>";
		};
		CCA5678A1A9D074800540A3A /* BatmanCharacters */ = {
			isa = PBXGroup;
			children = (
				CCA567BD1A9D755C00540A3A /* Models */,
				CCA567BC1A9D755100540A3A /* Controllers */,
				CCA5678F1A9D074800540A3A /* AppDelegate.h */,
				CCA567901A9D074800540A3A /* AppDelegate.m */,
				CCA567951A9D074800540A3A /* Main.storyboard */,
				CCA567981A9D074800540A3A /* Images.xcassets */,
				CCA5679A1A9D074800540A3A /* LaunchScreen.xib */,
				CCA5678B1A9D074800540A3A /* Supporting Files */,
			);
			path = BatmanCharacters;
			sourceTree = "<group>";
		};
		CCA5678B1A9D074800540A3A /* Supporting Files */ = {
			isa = PBXGroup;
			children = (
				CCA5678C1A9D074800540A3A /* Info.plist */,
				CCA5678D1A9D074800540A3A /* main.m */,
			);
			name = "Supporting Files";
			sourceTree = "<group>";
		};
		CCA567A41A9D074800540A3A /* BatmanCharactersTests */ = {
			isa = PBXGroup;
			children = (
				CCA567BA1A9D385E00540A3A /* BatmanCharacterTests.m */,
				CCA567A51A9D074800540A3A /* Supporting Files */,
			);
			path = BatmanCharactersTests;
			sourceTree = "<group>";
		};
		CCA567A51A9D074800540A3A /* Supporting Files */ = {
			isa = PBXGroup;
			children = (
				CCA567A61A9D074800540A3A /* Info.plist */,
			);
			name = "Supporting Files";
			sourceTree = "<group>";
		};
		CCA567BC1A9D755100540A3A /* Controllers */ = {
			isa = PBXGroup;
			children = (
				CCA567B11A9D11C600540A3A /* AddBatmanCharacterViewController.h */,
				CCA567B21A9D11C600540A3A /* AddBatmanCharacterViewController.m */,
				CCA567B41A9D12E500540A3A /* BatmanCharactersTableViewController.h */,
				CCA567B51A9D12E500540A3A /* BatmanCharactersTableViewController.m */,
			);
			name = Controllers;
			sourceTree = "<group>";
		};
		CCA567BD1A9D755C00540A3A /* Models */ = {
			isa = PBXGroup;
			children = (
				CC5F173D1AA64402008FFE26 /* BatmanCharacter.swift */,
				CC5F173C1AA64401008FFE26 /* BatmanCharacters-Bridging-Header.h */,
			);
			name = Models;
			sourceTree = "<group>";
		};
/* End PBXGroup section */

/* Begin PBXNativeTarget section */
		CCA567871A9D074800540A3A /* BatmanCharacters */ = {
			isa = PBXNativeTarget;
			buildConfigurationList = CCA567AB1A9D074800540A3A /* Build configuration list for PBXNativeTarget "BatmanCharacters" */;
			buildPhases = (
				CCA567841A9D074800540A3A /* Sources */,
				CCA567851A9D074800540A3A /* Frameworks */,
				CCA567861A9D074800540A3A /* Resources */,
			);
			buildRules = (
			);
			dependencies = (
			);
			name = BatmanCharacters;
			productName = BatmanCharacters;
			productReference = CCA567881A9D074800540A3A /* BatmanCharacters.app */;
			productType = "com.apple.product-type.application";
		};
		CCA567A01A9D074800540A3A /* BatmanCharactersTests */ = {
			isa = PBXNativeTarget;
			buildConfigurationList = CCA567AE1A9D074800540A3A /* Build configuration list for PBXNativeTarget "BatmanCharactersTests" */;
			buildPhases = (
				CCA5679D1A9D074800540A3A /* Sources */,
				CCA5679E1A9D074800540A3A /* Frameworks */,
				CCA5679F1A9D074800540A3A /* Resources */,
			);
			buildRules = (
			);
			dependencies = (
				CCA567A31A9D074800540A3A /* PBXTargetDependency */,
			);
			name = BatmanCharactersTests;
			productName = BatmanCharactersTests;
			productReference = CCA567A11A9D074800540A3A /* BatmanCharactersTests.xctest */;
			productType = "com.apple.product-type.bundle.unit-test";
		};
/* End PBXNativeTarget section */

/* Begin PBXProject section */
		CCA567801A9D074800540A3A /* Project object */ = {
			isa = PBXProject;
			attributes = {
				LastUpgradeCheck = 0620;
				ORGANIZATIONNAME = plad;
				TargetAttributes = {
					CCA567871A9D074800540A3A = {
						CreatedOnToolsVersion = 6.2;
					};
					CCA567A01A9D074800540A3A = {
						CreatedOnToolsVersion = 6.2;
						TestTargetID = CCA567871A9D074800540A3A;
					};
				};
			};
			buildConfigurationList = CCA567831A9D074800540A3A /* Build configuration list for PBXProject "BatmanCharacters" */;
			compatibilityVersion = "Xcode 3.2";
			developmentRegion = English;
			hasScannedForEncodings = 0;
			knownRegions = (
				en,
				Base,
			);
			mainGroup = CCA5677F1A9D074800540A3A;
			productRefGroup = CCA567891A9D074800540A3A /* Products */;
			projectDirPath = "";
			projectRoot = "";
			targets = (
				CCA567871A9D074800540A3A /* BatmanCharacters */,
				CCA567A01A9D074800540A3A /* BatmanCharactersTests */,
			);
		};
/* End PBXProject section */

/* Begin PBXResourcesBuildPhase section */
		CCA567861A9D074800540A3A /* Resources */ = {
			isa = PBXResourcesBuildPhase;
			buildActionMask = 2147483647;
			files = (
				CCA567971A9D074800540A3A /* Main.storyboard in Resources */,
				CCA5679C1A9D074800540A3A /* LaunchScreen.xib in Resources */,
				CCA567991A9D074800540A3A /* Images.xcassets in Resources */,
			);
			runOnlyForDeploymentPostprocessing = 0;
		};
		CCA5679F1A9D074800540A3A /* Resources */ = {
			isa = PBXResourcesBuildPhase;
			buildActionMask = 2147483647;
			files = (
			);
			runOnlyForDeploymentPostprocessing = 0;
		};
/* End PBXResourcesBuildPhase section */

/* Begin PBXSourcesBuildPhase section */
		CCA567841A9D074800540A3A /* Sources */ = {
			isa = PBXSourcesBuildPhase;
			buildActionMask = 2147483647;
			files = (
				CCA567B31A9D11C600540A3A /* AddBatmanCharacterViewController.m in Sources */,
				CCA567911A9D074800540A3A /* AppDelegate.m in Sources */,
				CCA567B61A9D12E500540A3A /* BatmanCharactersTableViewController.m in Sources */,
				CC5F173E1AA64402008FFE26 /* BatmanCharacter.swift in Sources */,
				CCA5678E1A9D074800540A3A /* main.m in Sources */,
			);
			runOnlyForDeploymentPostprocessing = 0;
		};
		CCA5679D1A9D074800540A3A /* Sources */ = {
			isa = PBXSourcesBuildPhase;
			buildActionMask = 2147483647;
			files = (
				CCA567BB1A9D385E00540A3A /* BatmanCharacterTests.m in Sources */,
			);
			runOnlyForDeploymentPostprocessing = 0;
		};
/* End PBXSourcesBuildPhase section */

/* Begin PBXTargetDependency section */
		CCA567A31A9D074800540A3A /* PBXTargetDependency */ = {
			isa = PBXTargetDependency;
			target = CCA567871A9D074800540A3A /* BatmanCharacters */;
			targetProxy = CCA567A21A9D074800540A3A /* PBXContainerItemProxy */;
		};
/* End PBXTargetDependency section */

/* Begin PBXVariantGroup section */
		CCA567951A9D074800540A3A /* Main.storyboard */ = {
			isa = PBXVariantGroup;
			children = (
				CCA567961A9D074800540A3A /* Base */,
			);
			name = Main.storyboard;
			sourceTree = "<group>";
		};
		CCA5679A1A9D074800540A3A /* LaunchScreen.xib */ = {
			isa = PBXVariantGroup;
			children = (
				CCA5679B1A9D074800540A3A /* Base */,
			);
			name = LaunchScreen.xib;
			sourceTree = "<group>";
		};
/* End PBXVariantGroup section */

/* Begin XCBuildConfiguration section */
		CCA567A91A9D074800540A3A /* Debug */ = {
			isa = XCBuildConfiguration;
			buildSettings = {
				ALWAYS_SEARCH_USER_PATHS = NO;
				CLANG_CXX_LANGUAGE_STANDARD = "gnu++0x";
				CLANG_CXX_LIBRARY = "libc++";
				CLANG_ENABLE_MODULES = YES;
				CLANG_ENABLE_OBJC_ARC = YES;
				CLANG_WARN_BOOL_CONVERSION = YES;
				CLANG_WARN_CONSTANT_CONVERSION = YES;
				CLANG_WARN_DIRECT_OBJC_ISA_USAGE = YES_ERROR;
				CLANG_WARN_EMPTY_BODY = YES;
				CLANG_WARN_ENUM_CONVERSION = YES;
				CLANG_WARN_INT_CONVERSION = YES;
				CLANG_WARN_OBJC_ROOT_CLASS = YES_ERROR;
				CLANG_WARN_UNREACHABLE_CODE = YES;
				CLANG_WARN__DUPLICATE_METHOD_MATCH = YES;
				"CODE_SIGN_IDENTITY[sdk=iphoneos*]" = "iPhone Developer";
				COPY_PHASE_STRIP = NO;
				ENABLE_STRICT_OBJC_MSGSEND = YES;
				GCC_C_LANGUAGE_STANDARD = gnu99;
				GCC_DYNAMIC_NO_PIC = NO;
				GCC_OPTIMIZATION_LEVEL = 0;
				GCC_PREPROCESSOR_DEFINITIONS = (
					"DEBUG=1",
					"$(inherited)",
				);
				GCC_SYMBOLS_PRIVATE_EXTERN = NO;
				GCC_WARN_64_TO_32_BIT_CONVERSION = YES;
				GCC_WARN_ABOUT_RETURN_TYPE = YES_ERROR;
				GCC_WARN_UNDECLARED_SELECTOR = YES;
				GCC_WARN_UNINITIALIZED_AUTOS = YES_AGGRESSIVE;
				GCC_WARN_UNUSED_FUNCTION = YES;
				GCC_WARN_UNUSED_VARIABLE = YES;
				IPHONEOS_DEPLOYMENT_TARGET = 8.2;
				MTL_ENABLE_DEBUG_INFO = YES;
				ONLY_ACTIVE_ARCH = YES;
				SDKROOT = iphoneos;
				TARGETED_DEVICE_FAMILY = "1,2";
			};
			name = Debug;
		};
		CCA567AA1A9D074800540A3A /* Release */ = {
			isa = XCBuildConfiguration;
			buildSettings = {
				ALWAYS_SEARCH_USER_PATHS = NO;
				CLANG_CXX_LANGUAGE_STANDARD = "gnu++0x";
				CLANG_CXX_LIBRARY = "libc++";
				CLANG_ENABLE_MODULES = YES;
				CLANG_ENABLE_OBJC_ARC = YES;
				CLANG_WARN_BOOL_CONVERSION = YES;
				CLANG_WARN_CONSTANT_CONVERSION = YES;
				CLANG_WARN_DIRECT_OBJC_ISA_USAGE = YES_ERROR;
				CLANG_WARN_EMPTY_BODY = YES;
				CLANG_WARN_ENUM_CONVERSION = YES;
				CLANG_WARN_INT_CONVERSION = YES;
				CLANG_WARN_OBJC_ROOT_CLASS = YES_ERROR;
				CLANG_WARN_UNREACHABLE_CODE = YES;
				CLANG_WARN__DUPLICATE_METHOD_MATCH = YES;
				"CODE_SIGN_IDENTITY[sdk=iphoneos*]" = "iPhone Developer";
				COPY_PHASE_STRIP = NO;
				ENABLE_NS_ASSERTIONS = NO;
				ENABLE_STRICT_OBJC_MSGSEND = YES;
				GCC_C_LANGUAGE_STANDARD = gnu99;
				GCC_WARN_64_TO_32_BIT_CONVERSION = YES;
				GCC_WARN_ABOUT_RETURN_TYPE = YES_ERROR;
				GCC_WARN_UNDECLARED_SELECTOR = YES;
				GCC_WARN_UNINITIALIZED_AUTOS = YES_AGGRESSIVE;
				GCC_WARN_UNUSED_FUNCTION = YES;
				GCC_WARN_UNUSED_VARIABLE = YES;
				IPHONEOS_DEPLOYMENT_TARGET = 8.2;
				MTL_ENABLE_DEBUG_INFO = NO;
				SDKROOT = iphoneos;
				TARGETED_DEVICE_FAMILY = "1,2";
				VALIDATE_PRODUCT = YES;
			};
			name = Release;
		};
		CCA567AC1A9D074800540A3A /* Debug */ = {
			isa = XCBuildConfiguration;
			buildSettings = {
				ASSETCATALOG_COMPILER_APPICON_NAME = AppIcon;
				CLANG_ENABLE_MODULES = YES;
				DEFINES_MODULE = YES;
				EMBEDDED_CONTENT_CONTAINS_SWIFT = YES;
				INFOPLIST_FILE = BatmanCharacters/Info.plist;
				LD_RUNPATH_SEARCH_PATHS = "$(inherited) @executable_path/Frameworks";
				PRODUCT_NAME = "$(TARGET_NAME)";
				SWIFT_OBJC_BRIDGING_HEADER = "BatmanCharacters/BatmanCharacters-Bridging-Header.h";
				SWIFT_OPTIMIZATION_LEVEL = "-Onone";
			};
			name = Debug;
		};
		CCA567AD1A9D074800540A3A /* Release */ = {
			isa = XCBuildConfiguration;
			buildSettings = {
				ASSETCATALOG_COMPILER_APPICON_NAME = AppIcon;
				CLANG_ENABLE_MODULES = YES;
				DEFINES_MODULE = YES;
				EMBEDDED_CONTENT_CONTAINS_SWIFT = YES;
				INFOPLIST_FILE = BatmanCharacters/Info.plist;
				LD_RUNPATH_SEARCH_PATHS = "$(inherited) @executable_path/Frameworks";
				PRODUCT_NAME = "$(TARGET_NAME)";
				SWIFT_OBJC_BRIDGING_HEADER = "BatmanCharacters/BatmanCharacters-Bridging-Header.h";
			};
			name = Release;
		};
		CCA567AF1A9D074800540A3A /* Debug */ = {
			isa = XCBuildConfiguration;
			buildSettings = {
				BUNDLE_LOADER = "$(TEST_HOST)";
				DEFINES_MODULE = YES;
				EMBEDDED_CONTENT_CONTAINS_SWIFT = YES;
				FRAMEWORK_SEARCH_PATHS = (
					"$(SDKROOT)/Developer/Library/Frameworks",
					"$(inherited)",
				);
				GCC_PREPROCESSOR_DEFINITIONS = (
					"DEBUG=1",
					"$(inherited)",
				);
				INFOPLIST_FILE = BatmanCharactersTests/Info.plist;
				LD_RUNPATH_SEARCH_PATHS = "$(inherited) @executable_path/Frameworks @loader_path/Frameworks";
				PRODUCT_NAME = "$(TARGET_NAME)";
				TEST_HOST = "$(BUILT_PRODUCTS_DIR)/BatmanCharacters.app/BatmanCharacters";
			};
			name = Debug;
		};
		CCA567B01A9D074800540A3A /* Release */ = {
			isa = XCBuildConfiguration;
			buildSettings = {
				BUNDLE_LOADER = "$(TEST_HOST)";
				DEFINES_MODULE = YES;
				EMBEDDED_CONTENT_CONTAINS_SWIFT = YES;
				FRAMEWORK_SEARCH_PATHS = (
					"$(SDKROOT)/Developer/Library/Frameworks",
					"$(inherited)",
				);
				INFOPLIST_FILE = BatmanCharactersTests/Info.plist;
				LD_RUNPATH_SEARCH_PATHS = "$(inherited) @executable_path/Frameworks @loader_path/Frameworks";
				PRODUCT_NAME = "$(TARGET_NAME)";
				TEST_HOST = "$(BUILT_PRODUCTS_DIR)/BatmanCharacters.app/BatmanCharacters";
			};
			name = Release;
		};
/* End XCBuildConfiguration section */

/* Begin XCConfigurationList section */
		CCA567831A9D074800540A3A /* Build configuration list for PBXProject "BatmanCharacters" */ = {
			isa = XCConfigurationList;
			buildConfigurations = (
				CCA567A91A9D074800540A3A /* Debug */,
				CCA567AA1A9D074800540A3A /* Release */,
			);
			defaultConfigurationIsVisible = 0;
			defaultConfigurationName = Release;
		};
		CCA567AB1A9D074800540A3A /* Build configuration list for PBXNativeTarget "BatmanCharacters" */ = {
			isa = XCConfigurationList;
			buildConfigurations = (
				CCA567AC1A9D074800540A3A /* Debug */,
				CCA567AD1A9D074800540A3A /* Release */,
			);
			defaultConfigurationIsVisible = 0;
			defaultConfigurationName = Release;
		};
		CCA567AE1A9D074800540A3A /* Build configuration list for PBXNativeTarget "BatmanCharactersTests" */ = {
			isa = XCConfigurationList;
			buildConfigurations = (
				CCA567AF1A9D074800540A3A /* Debug */,
				CCA567B01A9D074800540A3A /* Release */,
			);
			defaultConfigurationIsVisible = 0;
			defaultConfigurationName = Release;
		};
/* End XCConfigurationList section */
	};
	rootObject = CCA567801A9D074800540A3A /* Project object */;
}
